{
  "originHash" : "f38b2ce95173c0cd8282769a188b7e69e1e1917263b7fa6880b6b66941050f37",
  "pins" : [
    {
      "identity" : "mapbox-speech-swift",
      "kind" : "remoteSourceControl",
      "location" : "https://github.com/mapbox/mapbox-speech-swift.git",
      "state" : {
        "branch" : "main",
        "revision" : "a9ef284deae227c6111c27a3535098c1e9a9d8e3"
      }
    },
    {
      "identity" : "snapkit",
      "kind" : "remoteSourceControl",
      "location" : "https://github.com/SnapKit/SnapKit",
      "state" : {
        "revision" : "2842e6e84e82eb9a8dac0100ca90d9444b0307f4",
        "version" : "5.7.1"
      }
    }
  ],
  "version" : 3
}
